// !$*UTF8*$!
{
	archiveVersion = 1;
	classes = {
	};
	objectVersion = 46;
	objects = {

/* Begin PBXBuildFile section */
		35F6494B1EC74DF200E7712E /* NotificationService.m in Sources */ = {isa = PBXBuildFile; fileRef = 35F6494A1EC74DF200E7712E /* NotificationService.m */; };
		35F6494F1EC74DF200E7712E /* OneSignalNotificationServiceExtension.appex in Embed App Extensions */ = {isa = PBXBuildFile; fileRef = 35F649471EC74DF200E7712E /* OneSignalNotificationServiceExtension.appex */; settings = {ATTRIBUTES = (RemoveHeadersOnCopy, ); }; };
		9EC1A8B036263F6BEB8A8FD6 /* libPods-Atallah.a in Frameworks */ = {isa = PBXBuildFile; fileRef = 0EF6CA31F6CCF64E1B219B40 /* libPods-Atallah.a */; };
		D02CA97B054B10B7264DCBD7 /* libPods-OneSignalNotificationServiceExtension.a in Frameworks */ = {isa = PBXBuildFile; fileRef = 379B6EFFBB662C594C066E19 /* libPods-OneSignalNotificationServiceExtension.a */; };
		FA0E161E1E05E1DE00D18035 /* NotificationInfo+CoreDataClass.m in Sources */ = {isa = PBXBuildFile; fileRef = FA0E161B1E05E1DE00D18035 /* NotificationInfo+CoreDataClass.m */; };
		FA0E161F1E05E1DE00D18035 /* NotificationInfo+CoreDataProperties.m in Sources */ = {isa = PBXBuildFile; fileRef = FA0E161D1E05E1DE00D18035 /* NotificationInfo+CoreDataProperties.m */; };
		FA24C1BA1E092569005923C3 /* NotificationDateViewController.m in Sources */ = {isa = PBXBuildFile; fileRef = FA24C1B81E092569005923C3 /* NotificationDateViewController.m */; };
		FA24C1BD1E092F8E005923C3 /* NotificationDetailsViewController.m in Sources */ = {isa = PBXBuildFile; fileRef = FA24C1BC1E092F8E005923C3 /* NotificationDetailsViewController.m */; };
		FA7C90801DFC86030046F836 /* AppDelegate.m in Sources */ = {isa = PBXBuildFile; fileRef = FA7C903B1DFC86030046F836 /* AppDelegate.m */; };
		FA7C90811DFC86030046F836 /* Assets.xcassets in Resources */ = {isa = PBXBuildFile; fileRef = FA7C903C1DFC86030046F836 /* Assets.xcassets */; };
		FA7C90821DFC86030046F836 /* Atallah.xcdatamodeld in Sources */ = {isa = PBXBuildFile; fileRef = FA7C903D1DFC86030046F836 /* Atallah.xcdatamodeld */; };
		FA7C90831DFC86030046F836 /* LaunchScreen.storyboard in Resources */ = {isa = PBXBuildFile; fileRef = FA7C90401DFC86030046F836 /* LaunchScreen.storyboard */; };
		FA7C90841DFC86030046F836 /* Main.storyboard in Resources */ = {isa = PBXBuildFile; fileRef = FA7C90421DFC86030046F836 /* Main.storyboard */; };
		FA7C90851DFC86030046F836 /* AttalahMaronite.xcdatamodeld in Sources */ = {isa = PBXBuildFile; fileRef = FA7C90461DFC86030046F836 /* AttalahMaronite.xcdatamodeld */; };
		FA7C90861DFC86030046F836 /* Member+CoreDataProperties.m in Sources */ = {isa = PBXBuildFile; fileRef = FA7C90491DFC86030046F836 /* Member+CoreDataProperties.m */; };
		FA7C90871DFC86030046F836 /* Member.m in Sources */ = {isa = PBXBuildFile; fileRef = FA7C904B1DFC86030046F836 /* Member.m */; };
		FA7C90881DFC86030046F836 /* RegistrationInfo+CoreDataProperties.m in Sources */ = {isa = PBXBuildFile; fileRef = FA7C904D1DFC86030046F836 /* RegistrationInfo+CoreDataProperties.m */; };
		FA7C90891DFC86030046F836 /* RegistrationInfo.m in Sources */ = {isa = PBXBuildFile; fileRef = FA7C904F1DFC86030046F836 /* RegistrationInfo.m */; };
		FA7C908A1DFC86030046F836 /* GoogleService-Info.plist in Resources */ = {isa = PBXBuildFile; fileRef = FA7C90631DFC86030046F836 /* GoogleService-Info.plist */; };
		FA7C908C1DFC86030046F836 /* main.m in Sources */ = {isa = PBXBuildFile; fileRef = FA7C90651DFC86030046F836 /* main.m */; };
		FA7C908D1DFC86030046F836 /* UICKeyChainStore.m in Sources */ = {isa = PBXBuildFile; fileRef = FA7C90681DFC86030046F836 /* UICKeyChainStore.m */; };
		FA7C908F1DFC86030046F836 /* AboutUsViewController.m in Sources */ = {isa = PBXBuildFile; fileRef = FA7C906D1DFC86030046F836 /* AboutUsViewController.m */; };
		FA7C90901DFC86030046F836 /* AtallahNavigationController.m in Sources */ = {isa = PBXBuildFile; fileRef = FA7C906F1DFC86030046F836 /* AtallahNavigationController.m */; };
		FA7C90911DFC86030046F836 /* ContactUsViewController.m in Sources */ = {isa = PBXBuildFile; fileRef = FA7C90711DFC86030046F836 /* ContactUsViewController.m */; };
		FA7C90921DFC86030046F836 /* DetailsViewController.m in Sources */ = {isa = PBXBuildFile; fileRef = FA7C90731DFC86030046F836 /* DetailsViewController.m */; };
		FA7C90931DFC86030046F836 /* MainViewController.m in Sources */ = {isa = PBXBuildFile; fileRef = FA7C90751DFC86030046F836 /* MainViewController.m */; };
		FA7C90941DFC86030046F836 /* MemberTableViewCell.m in Sources */ = {isa = PBXBuildFile; fileRef = FA7C90771DFC86030046F836 /* MemberTableViewCell.m */; };
		FA7C90951DFC86030046F836 /* MemberViewController.m in Sources */ = {isa = PBXBuildFile; fileRef = FA7C90791DFC86030046F836 /* MemberViewController.m */; };
		FA7C90961DFC86030046F836 /* RegistrationViewController.m in Sources */ = {isa = PBXBuildFile; fileRef = FA7C907B1DFC86030046F836 /* RegistrationViewController.m */; };
		FA7C90971DFC86030046F836 /* TypesTableViewCell.m in Sources */ = {isa = PBXBuildFile; fileRef = FA7C907D1DFC86030046F836 /* TypesTableViewCell.m */; };
		FA7C90981DFC86030046F836 /* TypesViewController.m in Sources */ = {isa = PBXBuildFile; fileRef = FA7C907F1DFC86030046F836 /* TypesViewController.m */; };
		FA7C909D1DFC96100046F836 /* UserNotifications.framework in Frameworks */ = {isa = PBXBuildFile; fileRef = FA7C909C1DFC96100046F836 /* UserNotifications.framework */; };
		FA7C90A11DFC9BBB0046F836 /* Crashlytics.framework in Frameworks */ = {isa = PBXBuildFile; fileRef = FA7C909F1DFC9BBB0046F836 /* Crashlytics.framework */; };
		FA7C90A21DFC9BBB0046F836 /* Fabric.framework in Frameworks */ = {isa = PBXBuildFile; fileRef = FA7C90A01DFC9BBB0046F836 /* Fabric.framework */; };
		FAA8BE3A1DFC9CB000EBDCA4 /* Podfile.lock in Resources */ = {isa = PBXBuildFile; fileRef = FAA8BE381DFC9CB000EBDCA4 /* Podfile.lock */; };
		FAA8BE3B1DFC9CB000EBDCA4 /* Atallah.xcworkspace in Resources */ = {isa = PBXBuildFile; fileRef = FAA8BE391DFC9CB000EBDCA4 /* Atallah.xcworkspace */; };
/* End PBXBuildFile section */

/* Begin PBXContainerItemProxy section */
		35F6494D1EC74DF200E7712E /* PBXContainerItemProxy */ = {
			isa = PBXContainerItemProxy;
			containerPortal = FA7C90141DFC7E4C0046F836 /* Project object */;
			proxyType = 1;
			remoteGlobalIDString = 35F649461EC74DF200E7712E;
			remoteInfo = OneSignalNotificationServiceExtension;
		};
/* End PBXContainerItemProxy section */

/* Begin PBXCopyFilesBuildPhase section */
		35F649531EC74DF200E7712E /* Embed App Extensions */ = {
			isa = PBXCopyFilesBuildPhase;
			buildActionMask = 2147483647;
			dstPath = "";
			dstSubfolderSpec = 13;
			files = (
				35F6494F1EC74DF200E7712E /* OneSignalNotificationServiceExtension.appex in Embed App Extensions */,
			);
			name = "Embed App Extensions";
			runOnlyForDeploymentPostprocessing = 0;
		};
/* End PBXCopyFilesBuildPhase section */

/* Begin PBXFileReference section */
		05CD65AA2ED0B4D0AFBF5903 /* Pods-OneSignalNotificationServiceExtension.release.xcconfig */ = {isa = PBXFileReference; includeInIndex = 1; lastKnownFileType = text.xcconfig; name = "Pods-OneSignalNotificationServiceExtension.release.xcconfig"; path = "Pods/Target Support Files/Pods-OneSignalNotificationServiceExtension/Pods-OneSignalNotificationServiceExtension.release.xcconfig"; sourceTree = "<group>"; };
		0EF6CA31F6CCF64E1B219B40 /* libPods-Atallah.a */ = {isa = PBXFileReference; explicitFileType = archive.ar; includeInIndex = 0; path = "libPods-Atallah.a"; sourceTree = BUILT_PRODUCTS_DIR; };
		27DD315A87950EC8F9BBF693 /* Pods-Atallah.debug.xcconfig */ = {isa = PBXFileReference; includeInIndex = 1; lastKnownFileType = text.xcconfig; name = "Pods-Atallah.debug.xcconfig"; path = "Pods/Target Support Files/Pods-Atallah/Pods-Atallah.debug.xcconfig"; sourceTree = "<group>"; };
		35F649471EC74DF200E7712E /* OneSignalNotificationServiceExtension.appex */ = {isa = PBXFileReference; explicitFileType = "wrapper.app-extension"; includeInIndex = 0; path = OneSignalNotificationServiceExtension.appex; sourceTree = BUILT_PRODUCTS_DIR; };
		35F649491EC74DF200E7712E /* NotificationService.h */ = {isa = PBXFileReference; lastKnownFileType = sourcecode.c.h; path = NotificationService.h; sourceTree = "<group>"; };
		35F6494A1EC74DF200E7712E /* NotificationService.m */ = {isa = PBXFileReference; lastKnownFileType = sourcecode.c.objc; path = NotificationService.m; sourceTree = "<group>"; };
		35F6494C1EC74DF200E7712E /* Info.plist */ = {isa = PBXFileReference; lastKnownFileType = text.plist.xml; path = Info.plist; sourceTree = "<group>"; };
		379B6EFFBB662C594C066E19 /* libPods-OneSignalNotificationServiceExtension.a */ = {isa = PBXFileReference; explicitFileType = archive.ar; includeInIndex = 0; path = "libPods-OneSignalNotificationServiceExtension.a"; sourceTree = BUILT_PRODUCTS_DIR; };
		6561AF1AD72A3E39540D2C74 /* Pods-OneSignalNotificationServiceExtension.debug.xcconfig */ = {isa = PBXFileReference; includeInIndex = 1; lastKnownFileType = text.xcconfig; name = "Pods-OneSignalNotificationServiceExtension.debug.xcconfig"; path = "Pods/Target Support Files/Pods-OneSignalNotificationServiceExtension/Pods-OneSignalNotificationServiceExtension.debug.xcconfig"; sourceTree = "<group>"; };
		ED15C6F9923AD8FC96B6BEB2 /* Pods-Atallah.release.xcconfig */ = {isa = PBXFileReference; includeInIndex = 1; lastKnownFileType = text.xcconfig; name = "Pods-Atallah.release.xcconfig"; path = "Pods/Target Support Files/Pods-Atallah/Pods-Atallah.release.xcconfig"; sourceTree = "<group>"; };
		FA0E16191E05E0DA00D18035 /* AttalahMaronite_1.8.xcdatamodel */ = {isa = PBXFileReference; lastKnownFileType = wrapper.xcdatamodel; path = AttalahMaronite_1.8.xcdatamodel; sourceTree = "<group>"; };
		FA0E161A1E05E1DE00D18035 /* NotificationInfo+CoreDataClass.h */ = {isa = PBXFileReference; fileEncoding = 4; lastKnownFileType = sourcecode.c.h; path = "NotificationInfo+CoreDataClass.h"; sourceTree = "<group>"; };
		FA0E161B1E05E1DE00D18035 /* NotificationInfo+CoreDataClass.m */ = {isa = PBXFileReference; fileEncoding = 4; lastKnownFileType = sourcecode.c.objc; path = "NotificationInfo+CoreDataClass.m"; sourceTree = "<group>"; };
		FA0E161C1E05E1DE00D18035 /* NotificationInfo+CoreDataProperties.h */ = {isa = PBXFileReference; fileEncoding = 4; lastKnownFileType = sourcecode.c.h; path = "NotificationInfo+CoreDataProperties.h"; sourceTree = "<group>"; };
		FA0E161D1E05E1DE00D18035 /* NotificationInfo+CoreDataProperties.m */ = {isa = PBXFileReference; fileEncoding = 4; lastKnownFileType = sourcecode.c.objc; path = "NotificationInfo+CoreDataProperties.m"; sourceTree = "<group>"; };
		FA24C1B81E092569005923C3 /* NotificationDateViewController.m */ = {isa = PBXFileReference; fileEncoding = 4; lastKnownFileType = sourcecode.c.objc; path = NotificationDateViewController.m; sourceTree = "<group>"; };
		FA24C1B91E092569005923C3 /* NotificationDateViewController.h */ = {isa = PBXFileReference; fileEncoding = 4; lastKnownFileType = sourcecode.c.h; path = NotificationDateViewController.h; sourceTree = "<group>"; };
		FA24C1BB1E092F8E005923C3 /* NotificationDetailsViewController.h */ = {isa = PBXFileReference; fileEncoding = 4; lastKnownFileType = sourcecode.c.h; path = NotificationDetailsViewController.h; sourceTree = "<group>"; };
		FA24C1BC1E092F8E005923C3 /* NotificationDetailsViewController.m */ = {isa = PBXFileReference; fileEncoding = 4; lastKnownFileType = sourcecode.c.objc; path = NotificationDetailsViewController.m; sourceTree = "<group>"; };
		FA7C901C1DFC7E4C0046F836 /* Atallah.app */ = {isa = PBXFileReference; explicitFileType = wrapper.application; includeInIndex = 0; path = Atallah.app; sourceTree = BUILT_PRODUCTS_DIR; };
		FA7C903B1DFC86030046F836 /* AppDelegate.m */ = {isa = PBXFileReference; fileEncoding = 4; lastKnownFileType = sourcecode.c.objc; path = AppDelegate.m; sourceTree = "<group>"; };
		FA7C903C1DFC86030046F836 /* Assets.xcassets */ = {isa = PBXFileReference; lastKnownFileType = folder.assetcatalog; path = Assets.xcassets; sourceTree = "<group>"; };
		FA7C903E1DFC86030046F836 /* Atallah.xcdatamodel */ = {isa = PBXFileReference; lastKnownFileType = wrapper.xcdatamodel; path = Atallah.xcdatamodel; sourceTree = "<group>"; };
		FA7C903F1DFC86030046F836 /* AtallahMaronite.entitlements */ = {isa = PBXFileReference; fileEncoding = 4; lastKnownFileType = text.plist.entitlements; path = AtallahMaronite.entitlements; sourceTree = "<group>"; };
		FA7C90411DFC86030046F836 /* Base */ = {isa = PBXFileReference; lastKnownFileType = file.storyboard; name = Base; path = Base.lproj/LaunchScreen.storyboard; sourceTree = "<group>"; };
		FA7C90431DFC86030046F836 /* Base */ = {isa = PBXFileReference; lastKnownFileType = file.storyboard; name = Base; path = Base.lproj/Main.storyboard; sourceTree = "<group>"; };
		FA7C90441DFC86030046F836 /* CommonMacros.h */ = {isa = PBXFileReference; fileEncoding = 4; lastKnownFileType = sourcecode.c.h; path = CommonMacros.h; sourceTree = "<group>"; };
		FA7C90471DFC86030046F836 /* AttalahMaronite.xcdatamodel */ = {isa = PBXFileReference; lastKnownFileType = wrapper.xcdatamodel; path = AttalahMaronite.xcdatamodel; sourceTree = "<group>"; };
		FA7C90481DFC86030046F836 /* Member+CoreDataProperties.h */ = {isa = PBXFileReference; fileEncoding = 4; lastKnownFileType = sourcecode.c.h; path = "Member+CoreDataProperties.h"; sourceTree = "<group>"; };
		FA7C90491DFC86030046F836 /* Member+CoreDataProperties.m */ = {isa = PBXFileReference; fileEncoding = 4; lastKnownFileType = sourcecode.c.objc; path = "Member+CoreDataProperties.m"; sourceTree = "<group>"; };
		FA7C904A1DFC86030046F836 /* Member.h */ = {isa = PBXFileReference; fileEncoding = 4; lastKnownFileType = sourcecode.c.h; path = Member.h; sourceTree = "<group>"; };
		FA7C904B1DFC86030046F836 /* Member.m */ = {isa = PBXFileReference; fileEncoding = 4; lastKnownFileType = sourcecode.c.objc; path = Member.m; sourceTree = "<group>"; };
		FA7C904C1DFC86030046F836 /* RegistrationInfo+CoreDataProperties.h */ = {isa = PBXFileReference; fileEncoding = 4; lastKnownFileType = sourcecode.c.h; path = "RegistrationInfo+CoreDataProperties.h"; sourceTree = "<group>"; };
		FA7C904D1DFC86030046F836 /* RegistrationInfo+CoreDataProperties.m */ = {isa = PBXFileReference; fileEncoding = 4; lastKnownFileType = sourcecode.c.objc; path = "RegistrationInfo+CoreDataProperties.m"; sourceTree = "<group>"; };
		FA7C904E1DFC86030046F836 /* RegistrationInfo.h */ = {isa = PBXFileReference; fileEncoding = 4; lastKnownFileType = sourcecode.c.h; path = RegistrationInfo.h; sourceTree = "<group>"; };
		FA7C904F1DFC86030046F836 /* RegistrationInfo.m */ = {isa = PBXFileReference; fileEncoding = 4; lastKnownFileType = sourcecode.c.objc; path = RegistrationInfo.m; sourceTree = "<group>"; };
		FA7C90631DFC86030046F836 /* GoogleService-Info.plist */ = {isa = PBXFileReference; fileEncoding = 4; lastKnownFileType = text.plist.xml; path = "GoogleService-Info.plist"; sourceTree = "<group>"; };
		FA7C90641DFC86030046F836 /* Info.plist */ = {isa = PBXFileReference; fileEncoding = 4; lastKnownFileType = text.plist.xml; path = Info.plist; sourceTree = "<group>"; };
		FA7C90651DFC86030046F836 /* main.m */ = {isa = PBXFileReference; fileEncoding = 4; lastKnownFileType = sourcecode.c.objc; path = main.m; sourceTree = "<group>"; };
		FA7C90671DFC86030046F836 /* UICKeyChainStore.h */ = {isa = PBXFileReference; fileEncoding = 4; lastKnownFileType = sourcecode.c.h; path = UICKeyChainStore.h; sourceTree = "<group>"; };
		FA7C90681DFC86030046F836 /* UICKeyChainStore.m */ = {isa = PBXFileReference; fileEncoding = 4; lastKnownFileType = sourcecode.c.objc; path = UICKeyChainStore.m; sourceTree = "<group>"; };
		FA7C906C1DFC86030046F836 /* AboutUsViewController.h */ = {isa = PBXFileReference; fileEncoding = 4; lastKnownFileType = sourcecode.c.h; path = AboutUsViewController.h; sourceTree = "<group>"; };
		FA7C906D1DFC86030046F836 /* AboutUsViewController.m */ = {isa = PBXFileReference; fileEncoding = 4; lastKnownFileType = sourcecode.c.objc; path = AboutUsViewController.m; sourceTree = "<group>"; };
		FA7C906E1DFC86030046F836 /* AtallahNavigationController.h */ = {isa = PBXFileReference; fileEncoding = 4; lastKnownFileType = sourcecode.c.h; path = AtallahNavigationController.h; sourceTree = "<group>"; };
		FA7C906F1DFC86030046F836 /* AtallahNavigationController.m */ = {isa = PBXFileReference; fileEncoding = 4; lastKnownFileType = sourcecode.c.objc; path = AtallahNavigationController.m; sourceTree = "<group>"; };
		FA7C90701DFC86030046F836 /* ContactUsViewController.h */ = {isa = PBXFileReference; fileEncoding = 4; lastKnownFileType = sourcecode.c.h; path = ContactUsViewController.h; sourceTree = "<group>"; };
		FA7C90711DFC86030046F836 /* ContactUsViewController.m */ = {isa = PBXFileReference; fileEncoding = 4; lastKnownFileType = sourcecode.c.objc; path = ContactUsViewController.m; sourceTree = "<group>"; };
		FA7C90721DFC86030046F836 /* DetailsViewController.h */ = {isa = PBXFileReference; fileEncoding = 4; lastKnownFileType = sourcecode.c.h; path = DetailsViewController.h; sourceTree = "<group>"; };
		FA7C90731DFC86030046F836 /* DetailsViewController.m */ = {isa = PBXFileReference; fileEncoding = 4; lastKnownFileType = sourcecode.c.objc; path = DetailsViewController.m; sourceTree = "<group>"; };
		FA7C90741DFC86030046F836 /* MainViewController.h */ = {isa = PBXFileReference; fileEncoding = 4; lastKnownFileType = sourcecode.c.h; path = MainViewController.h; sourceTree = "<group>"; };
		FA7C90751DFC86030046F836 /* MainViewController.m */ = {isa = PBXFileReference; fileEncoding = 4; lastKnownFileType = sourcecode.c.objc; path = MainViewController.m; sourceTree = "<group>"; };
		FA7C90761DFC86030046F836 /* MemberTableViewCell.h */ = {isa = PBXFileReference; fileEncoding = 4; lastKnownFileType = sourcecode.c.h; path = MemberTableViewCell.h; sourceTree = "<group>"; };
		FA7C90771DFC86030046F836 /* MemberTableViewCell.m */ = {isa = PBXFileReference; fileEncoding = 4; lastKnownFileType = sourcecode.c.objc; path = MemberTableViewCell.m; sourceTree = "<group>"; };
		FA7C90781DFC86030046F836 /* MemberViewController.h */ = {isa = PBXFileReference; fileEncoding = 4; lastKnownFileType = sourcecode.c.h; path = MemberViewController.h; sourceTree = "<group>"; };
		FA7C90791DFC86030046F836 /* MemberViewController.m */ = {isa = PBXFileReference; fileEncoding = 4; lastKnownFileType = sourcecode.c.objc; path = MemberViewController.m; sourceTree = "<group>"; };
		FA7C907A1DFC86030046F836 /* RegistrationViewController.h */ = {isa = PBXFileReference; fileEncoding = 4; lastKnownFileType = sourcecode.c.h; path = RegistrationViewController.h; sourceTree = "<group>"; };
		FA7C907B1DFC86030046F836 /* RegistrationViewController.m */ = {isa = PBXFileReference; fileEncoding = 4; lastKnownFileType = sourcecode.c.objc; path = RegistrationViewController.m; sourceTree = "<group>"; };
		FA7C907C1DFC86030046F836 /* TypesTableViewCell.h */ = {isa = PBXFileReference; fileEncoding = 4; lastKnownFileType = sourcecode.c.h; path = TypesTableViewCell.h; sourceTree = "<group>"; };
		FA7C907D1DFC86030046F836 /* TypesTableViewCell.m */ = {isa = PBXFileReference; fileEncoding = 4; lastKnownFileType = sourcecode.c.objc; path = TypesTableViewCell.m; sourceTree = "<group>"; };
		FA7C907E1DFC86030046F836 /* TypesViewController.h */ = {isa = PBXFileReference; fileEncoding = 4; lastKnownFileType = sourcecode.c.h; path = TypesViewController.h; sourceTree = "<group>"; };
		FA7C907F1DFC86030046F836 /* TypesViewController.m */ = {isa = PBXFileReference; fileEncoding = 4; lastKnownFileType = sourcecode.c.objc; path = TypesViewController.m; sourceTree = "<group>"; };
		FA7C90991DFC862F0046F836 /* AppDelegate.h */ = {isa = PBXFileReference; fileEncoding = 4; lastKnownFileType = sourcecode.c.h; path = AppDelegate.h; sourceTree = "<group>"; };
		FA7C909C1DFC96100046F836 /* UserNotifications.framework */ = {isa = PBXFileReference; lastKnownFileType = wrapper.framework; name = UserNotifications.framework; path = System/Library/Frameworks/UserNotifications.framework; sourceTree = SDKROOT; };
		FA7C909F1DFC9BBB0046F836 /* Crashlytics.framework */ = {isa = PBXFileReference; lastKnownFileType = wrapper.framework; path = Crashlytics.framework; sourceTree = "<group>"; };
		FA7C90A01DFC9BBB0046F836 /* Fabric.framework */ = {isa = PBXFileReference; lastKnownFileType = wrapper.framework; path = Fabric.framework; sourceTree = "<group>"; };
		FAA8BE381DFC9CB000EBDCA4 /* Podfile.lock */ = {isa = PBXFileReference; fileEncoding = 4; lastKnownFileType = text; path = Podfile.lock; sourceTree = "<group>"; };
		FAA8BE391DFC9CB000EBDCA4 /* Atallah.xcworkspace */ = {isa = PBXFileReference; lastKnownFileType = wrapper.workspace; path = Atallah.xcworkspace; sourceTree = "<group>"; };
		FAA8BE3C1DFC9D2100EBDCA4 /* Atallah.entitlements */ = {isa = PBXFileReference; lastKnownFileType = text.plist.entitlements; path = Atallah.entitlements; sourceTree = "<group>"; };
/* End PBXFileReference section */

/* Begin PBXFrameworksBuildPhase section */
		35F649441EC74DF200E7712E /* Frameworks */ = {
			isa = PBXFrameworksBuildPhase;
			buildActionMask = 2147483647;
			files = (
				D02CA97B054B10B7264DCBD7 /* libPods-OneSignalNotificationServiceExtension.a in Frameworks */,
			);
			runOnlyForDeploymentPostprocessing = 0;
		};
		FA7C90191DFC7E4C0046F836 /* Frameworks */ = {
			isa = PBXFrameworksBuildPhase;
			buildActionMask = 2147483647;
			files = (
				FA7C909D1DFC96100046F836 /* UserNotifications.framework in Frameworks */,
				FA7C90A11DFC9BBB0046F836 /* Crashlytics.framework in Frameworks */,
				FA7C90A21DFC9BBB0046F836 /* Fabric.framework in Frameworks */,
				9EC1A8B036263F6BEB8A8FD6 /* libPods-Atallah.a in Frameworks */,
			);
			runOnlyForDeploymentPostprocessing = 0;
		};
/* End PBXFrameworksBuildPhase section */

/* Begin PBXGroup section */
		02AA531D03EFF0F6DBD59205 /* Frameworks */ = {
			isa = PBXGroup;
			children = (
				FA7C909C1DFC96100046F836 /* UserNotifications.framework */,
				0EF6CA31F6CCF64E1B219B40 /* libPods-Atallah.a */,
				379B6EFFBB662C594C066E19 /* libPods-OneSignalNotificationServiceExtension.a */,
			);
			name = Frameworks;
			sourceTree = "<group>";
		};
		35F649481EC74DF200E7712E /* OneSignalNotificationServiceExtension */ = {
			isa = PBXGroup;
			children = (
				35F649491EC74DF200E7712E /* NotificationService.h */,
				35F6494A1EC74DF200E7712E /* NotificationService.m */,
				35F6494C1EC74DF200E7712E /* Info.plist */,
			);
			path = OneSignalNotificationServiceExtension;
			sourceTree = "<group>";
		};
		F6C48C7E1D36E5CABCB8FA5A /* Pods */ = {
			isa = PBXGroup;
			children = (
				FAA8BE381DFC9CB000EBDCA4 /* Podfile.lock */,
				FAA8BE391DFC9CB000EBDCA4 /* Atallah.xcworkspace */,
				27DD315A87950EC8F9BBF693 /* Pods-Atallah.debug.xcconfig */,
				ED15C6F9923AD8FC96B6BEB2 /* Pods-Atallah.release.xcconfig */,
				6561AF1AD72A3E39540D2C74 /* Pods-OneSignalNotificationServiceExtension.debug.xcconfig */,
				05CD65AA2ED0B4D0AFBF5903 /* Pods-OneSignalNotificationServiceExtension.release.xcconfig */,
			);
			name = Pods;
			sourceTree = "<group>";
		};
		FA7C90131DFC7E4C0046F836 = {
			isa = PBXGroup;
			children = (
				FA7C909F1DFC9BBB0046F836 /* Crashlytics.framework */,
				FA7C90A01DFC9BBB0046F836 /* Fabric.framework */,
				FA7C90391DFC86030046F836 /* Atallah */,
				35F649481EC74DF200E7712E /* OneSignalNotificationServiceExtension */,
				FA7C901D1DFC7E4C0046F836 /* Products */,
				F6C48C7E1D36E5CABCB8FA5A /* Pods */,
				02AA531D03EFF0F6DBD59205 /* Frameworks */,
			);
			sourceTree = "<group>";
		};
		FA7C901D1DFC7E4C0046F836 /* Products */ = {
			isa = PBXGroup;
			children = (
				FA7C901C1DFC7E4C0046F836 /* Atallah.app */,
				35F649471EC74DF200E7712E /* OneSignalNotificationServiceExtension.appex */,
			);
			name = Products;
			sourceTree = "<group>";
		};
		FA7C90391DFC86030046F836 /* Atallah */ = {
			isa = PBXGroup;
			children = (
				FAA8BE3C1DFC9D2100EBDCA4 /* Atallah.entitlements */,
				FA7C90991DFC862F0046F836 /* AppDelegate.h */,
				FA7C903B1DFC86030046F836 /* AppDelegate.m */,
				FA7C903C1DFC86030046F836 /* Assets.xcassets */,
				FA7C903D1DFC86030046F836 /* Atallah.xcdatamodeld */,
				FA7C903F1DFC86030046F836 /* AtallahMaronite.entitlements */,
				FA7C90401DFC86030046F836 /* LaunchScreen.storyboard */,
				FA7C90421DFC86030046F836 /* Main.storyboard */,
				FA7C90441DFC86030046F836 /* CommonMacros.h */,
				FA7C90451DFC86030046F836 /* CoreData */,
				FA7C90501DFC86030046F836 /* DownPicker-master */,
				FA7C90631DFC86030046F836 /* GoogleService-Info.plist */,
				FA7C90641DFC86030046F836 /* Info.plist */,
				FA7C90651DFC86030046F836 /* main.m */,
				FA7C90661DFC86030046F836 /* UICKeyChain */,
				FA7C906B1DFC86030046F836 /* ViewControllers */,
			);
			path = Atallah;
			sourceTree = "<group>";
		};
		FA7C90451DFC86030046F836 /* CoreData */ = {
			isa = PBXGroup;
			children = (
				FA0E161A1E05E1DE00D18035 /* NotificationInfo+CoreDataClass.h */,
				FA0E161B1E05E1DE00D18035 /* NotificationInfo+CoreDataClass.m */,
				FA0E161C1E05E1DE00D18035 /* NotificationInfo+CoreDataProperties.h */,
				FA0E161D1E05E1DE00D18035 /* NotificationInfo+CoreDataProperties.m */,
				FA7C90461DFC86030046F836 /* AttalahMaronite.xcdatamodeld */,
				FA7C90481DFC86030046F836 /* Member+CoreDataProperties.h */,
				FA7C90491DFC86030046F836 /* Member+CoreDataProperties.m */,
				FA7C904A1DFC86030046F836 /* Member.h */,
				FA7C904B1DFC86030046F836 /* Member.m */,
				FA7C904C1DFC86030046F836 /* RegistrationInfo+CoreDataProperties.h */,
				FA7C904D1DFC86030046F836 /* RegistrationInfo+CoreDataProperties.m */,
				FA7C904E1DFC86030046F836 /* RegistrationInfo.h */,
				FA7C904F1DFC86030046F836 /* RegistrationInfo.m */,
			);
			path = CoreData;
			sourceTree = "<group>";
		};
		FA7C90501DFC86030046F836 /* DownPicker-master */ = {
			isa = PBXGroup;
			children = (
				FA7C90511DFC86030046F836 /* Example */,
				FA7C90601DFC86030046F836 /* Pod */,
			);
			path = "DownPicker-master";
			sourceTree = "<group>";
		};
		FA7C90511DFC86030046F836 /* Example */ = {
			isa = PBXGroup;
			children = (
				FA7C90521DFC86030046F836 /* DownPicker */,
				FA7C90531DFC86030046F836 /* Pods */,
				FA7C905F1DFC86030046F836 /* Tests */,
			);
			path = Example;
			sourceTree = "<group>";
		};
		FA7C90521DFC86030046F836 /* DownPicker */ = {
			isa = PBXGroup;
			children = (
			);
			path = DownPicker;
			sourceTree = "<group>";
		};
		FA7C90531DFC86030046F836 /* Pods */ = {
			isa = PBXGroup;
			children = (
				FA7C90541DFC86030046F836 /* Headers */,
				FA7C90571DFC86030046F836 /* Local Podspecs */,
				FA7C90581DFC86030046F836 /* Pod */,
				FA7C905B1DFC86030046F836 /* Target Support Files */,
			);
			path = Pods;
			sourceTree = "<group>";
		};
		FA7C90541DFC86030046F836 /* Headers */ = {
			isa = PBXGroup;
			children = (
				FA7C90551DFC86030046F836 /* Private */,
			);
			path = Headers;
			sourceTree = "<group>";
		};
		FA7C90551DFC86030046F836 /* Private */ = {
			isa = PBXGroup;
			children = (
				FA7C90561DFC86030046F836 /* DownPicker */,
			);
			path = Private;
			sourceTree = "<group>";
		};
		FA7C90561DFC86030046F836 /* DownPicker */ = {
			isa = PBXGroup;
			children = (
			);
			path = DownPicker;
			sourceTree = "<group>";
		};
		FA7C90571DFC86030046F836 /* Local Podspecs */ = {
			isa = PBXGroup;
			children = (
			);
			path = "Local Podspecs";
			sourceTree = "<group>";
		};
		FA7C90581DFC86030046F836 /* Pod */ = {
			isa = PBXGroup;
			children = (
				FA7C90591DFC86030046F836 /* Assets */,
				FA7C905A1DFC86030046F836 /* Classes */,
			);
			path = Pod;
			sourceTree = "<group>";
		};
		FA7C90591DFC86030046F836 /* Assets */ = {
			isa = PBXGroup;
			children = (
			);
			path = Assets;
			sourceTree = "<group>";
		};
		FA7C905A1DFC86030046F836 /* Classes */ = {
			isa = PBXGroup;
			children = (
			);
			path = Classes;
			sourceTree = "<group>";
		};
		FA7C905B1DFC86030046F836 /* Target Support Files */ = {
			isa = PBXGroup;
			children = (
				FA7C905C1DFC86030046F836 /* DownPicker */,
				FA7C905D1DFC86030046F836 /* Pods-DownPicker_Example */,
				FA7C905E1DFC86030046F836 /* Pods-DownPicker_Tests */,
			);
			path = "Target Support Files";
			sourceTree = "<group>";
		};
		FA7C905C1DFC86030046F836 /* DownPicker */ = {
			isa = PBXGroup;
			children = (
			);
			path = DownPicker;
			sourceTree = "<group>";
		};
		FA7C905D1DFC86030046F836 /* Pods-DownPicker_Example */ = {
			isa = PBXGroup;
			children = (
			);
			path = "Pods-DownPicker_Example";
			sourceTree = "<group>";
		};
		FA7C905E1DFC86030046F836 /* Pods-DownPicker_Tests */ = {
			isa = PBXGroup;
			children = (
			);
			path = "Pods-DownPicker_Tests";
			sourceTree = "<group>";
		};
		FA7C905F1DFC86030046F836 /* Tests */ = {
			isa = PBXGroup;
			children = (
			);
			path = Tests;
			sourceTree = "<group>";
		};
		FA7C90601DFC86030046F836 /* Pod */ = {
			isa = PBXGroup;
			children = (
				FA7C90611DFC86030046F836 /* Assets */,
				FA7C90621DFC86030046F836 /* Classes */,
			);
			path = Pod;
			sourceTree = "<group>";
		};
		FA7C90611DFC86030046F836 /* Assets */ = {
			isa = PBXGroup;
			children = (
			);
			path = Assets;
			sourceTree = "<group>";
		};
		FA7C90621DFC86030046F836 /* Classes */ = {
			isa = PBXGroup;
			children = (
			);
			path = Classes;
			sourceTree = "<group>";
		};
		FA7C90661DFC86030046F836 /* UICKeyChain */ = {
			isa = PBXGroup;
			children = (
				FA7C90671DFC86030046F836 /* UICKeyChainStore.h */,
				FA7C90681DFC86030046F836 /* UICKeyChainStore.m */,
			);
			path = UICKeyChain;
			sourceTree = "<group>";
		};
		FA7C906B1DFC86030046F836 /* ViewControllers */ = {
			isa = PBXGroup;
			children = (
				FA24C1BB1E092F8E005923C3 /* NotificationDetailsViewController.h */,
				FA24C1BC1E092F8E005923C3 /* NotificationDetailsViewController.m */,
				FA24C1B81E092569005923C3 /* NotificationDateViewController.m */,
				FA24C1B91E092569005923C3 /* NotificationDateViewController.h */,
				FA7C906C1DFC86030046F836 /* AboutUsViewController.h */,
				FA7C906D1DFC86030046F836 /* AboutUsViewController.m */,
				FA7C906E1DFC86030046F836 /* AtallahNavigationController.h */,
				FA7C906F1DFC86030046F836 /* AtallahNavigationController.m */,
				FA7C90701DFC86030046F836 /* ContactUsViewController.h */,
				FA7C90711DFC86030046F836 /* ContactUsViewController.m */,
				FA7C90721DFC86030046F836 /* DetailsViewController.h */,
				FA7C90731DFC86030046F836 /* DetailsViewController.m */,
				FA7C90741DFC86030046F836 /* MainViewController.h */,
				FA7C90751DFC86030046F836 /* MainViewController.m */,
				FA7C90761DFC86030046F836 /* MemberTableViewCell.h */,
				FA7C90771DFC86030046F836 /* MemberTableViewCell.m */,
				FA7C90781DFC86030046F836 /* MemberViewController.h */,
				FA7C90791DFC86030046F836 /* MemberViewController.m */,
				FA7C907A1DFC86030046F836 /* RegistrationViewController.h */,
				FA7C907B1DFC86030046F836 /* RegistrationViewController.m */,
				FA7C907C1DFC86030046F836 /* TypesTableViewCell.h */,
				FA7C907D1DFC86030046F836 /* TypesTableViewCell.m */,
				FA7C907E1DFC86030046F836 /* TypesViewController.h */,
				FA7C907F1DFC86030046F836 /* TypesViewController.m */,
			);
			path = ViewControllers;
			sourceTree = "<group>";
		};
/* End PBXGroup section */

/* Begin PBXNativeTarget section */
		35F649461EC74DF200E7712E /* OneSignalNotificationServiceExtension */ = {
			isa = PBXNativeTarget;
			buildConfigurationList = 35F649521EC74DF200E7712E /* Build configuration list for PBXNativeTarget "OneSignalNotificationServiceExtension" */;
			buildPhases = (
				E58E427606F99326C5B8E7F4 /* [CP] Check Pods Manifest.lock */,
				35F649431EC74DF200E7712E /* Sources */,
				35F649441EC74DF200E7712E /* Frameworks */,
				35F649451EC74DF200E7712E /* Resources */,
				FEB1F672AD0301D056C853AC /* [CP] Copy Pods Resources */,
			);
			buildRules = (
			);
			dependencies = (
			);
			name = OneSignalNotificationServiceExtension;
			productName = OneSignalNotificationServiceExtension;
			productReference = 35F649471EC74DF200E7712E /* OneSignalNotificationServiceExtension.appex */;
			productType = "com.apple.product-type.app-extension";
		};
		FA7C901B1DFC7E4C0046F836 /* Atallah */ = {
			isa = PBXNativeTarget;
			buildConfigurationList = FA7C90361DFC7E4C0046F836 /* Build configuration list for PBXNativeTarget "Atallah" */;
			buildPhases = (
				1104BBA6717AC9307E575966 /* [CP] Check Pods Manifest.lock */,
				FA7C90181DFC7E4C0046F836 /* Sources */,
				FA7C90191DFC7E4C0046F836 /* Frameworks */,
				FA7C901A1DFC7E4C0046F836 /* Resources */,
				A2DD5F8BD2207D9A286676DC /* [CP] Embed Pods Frameworks */,
				3BE42133F001E48BA597F262 /* [CP] Copy Pods Resources */,
				FA7C909E1DFC9A160046F836 /* ShellScript */,
				35F649531EC74DF200E7712E /* Embed App Extensions */,
			);
			buildRules = (
			);
			dependencies = (
				35F6494E1EC74DF200E7712E /* PBXTargetDependency */,
			);
			name = Atallah;
			productName = Atallah;
			productReference = FA7C901C1DFC7E4C0046F836 /* Atallah.app */;
			productType = "com.apple.product-type.application";
		};
/* End PBXNativeTarget section */

/* Begin PBXProject section */
		FA7C90141DFC7E4C0046F836 /* Project object */ = {
			isa = PBXProject;
			attributes = {
				LastUpgradeCheck = 0800;
				ORGANIZATIONNAME = "Azar, Rita";
				TargetAttributes = {
					35F649461EC74DF200E7712E = {
						CreatedOnToolsVersion = 8.2.1;
						DevelopmentTeam = 5WR24GX8GQ;
						ProvisioningStyle = Automatic;
					};
					FA7C901B1DFC7E4C0046F836 = {
						CreatedOnToolsVersion = 8.0;
						DevelopmentTeam = 5WR24GX8GQ;
						ProvisioningStyle = Automatic;
						SystemCapabilities = {
							com.apple.BackgroundModes = {
								enabled = 1;
							};
							com.apple.Push = {
								enabled = 1;
							};
						};
					};
				};
			};
			buildConfigurationList = FA7C90171DFC7E4C0046F836 /* Build configuration list for PBXProject "Atallah" */;
			compatibilityVersion = "Xcode 3.2";
			developmentRegion = English;
			hasScannedForEncodings = 0;
			knownRegions = (
				en,
				Base,
			);
			mainGroup = FA7C90131DFC7E4C0046F836;
			productRefGroup = FA7C901D1DFC7E4C0046F836 /* Products */;
			projectDirPath = "";
			projectRoot = "";
			targets = (
				FA7C901B1DFC7E4C0046F836 /* Atallah */,
				35F649461EC74DF200E7712E /* OneSignalNotificationServiceExtension */,
			);
		};
/* End PBXProject section */

/* Begin PBXResourcesBuildPhase section */
		35F649451EC74DF200E7712E /* Resources */ = {
			isa = PBXResourcesBuildPhase;
			buildActionMask = 2147483647;
			files = (
			);
			runOnlyForDeploymentPostprocessing = 0;
		};
		FA7C901A1DFC7E4C0046F836 /* Resources */ = {
			isa = PBXResourcesBuildPhase;
			buildActionMask = 2147483647;
			files = (
				FA7C90841DFC86030046F836 /* Main.storyboard in Resources */,
				FA7C908A1DFC86030046F836 /* GoogleService-Info.plist in Resources */,
				FAA8BE3A1DFC9CB000EBDCA4 /* Podfile.lock in Resources */,
				FA7C90811DFC86030046F836 /* Assets.xcassets in Resources */,
				FAA8BE3B1DFC9CB000EBDCA4 /* Atallah.xcworkspace in Resources */,
				FA7C90831DFC86030046F836 /* LaunchScreen.storyboard in Resources */,
			);
			runOnlyForDeploymentPostprocessing = 0;
		};
/* End PBXResourcesBuildPhase section */

/* Begin PBXShellScriptBuildPhase section */
		1104BBA6717AC9307E575966 /* [CP] Check Pods Manifest.lock */ = {
			isa = PBXShellScriptBuildPhase;
			buildActionMask = 2147483647;
			files = (
			);
			inputPaths = (
			);
			name = "[CP] Check Pods Manifest.lock";
			outputPaths = (
			);
			runOnlyForDeploymentPostprocessing = 0;
			shellPath = /bin/sh;
			shellScript = "diff \"${PODS_ROOT}/../Podfile.lock\" \"${PODS_ROOT}/Manifest.lock\" > /dev/null\nif [ $? != 0 ] ; then\n    # print error to STDERR\n    echo \"error: The sandbox is not in sync with the Podfile.lock. Run 'pod install' or update your CocoaPods installation.\" >&2\n    exit 1\nfi\n";
			showEnvVarsInLog = 0;
		};
		3BE42133F001E48BA597F262 /* [CP] Copy Pods Resources */ = {
			isa = PBXShellScriptBuildPhase;
			buildActionMask = 2147483647;
			files = (
			);
			inputPaths = (
			);
			name = "[CP] Copy Pods Resources";
			outputPaths = (
			);
			runOnlyForDeploymentPostprocessing = 0;
			shellPath = /bin/sh;
			shellScript = "\"${SRCROOT}/Pods/Target Support Files/Pods-Atallah/Pods-Atallah-resources.sh\"\n";
			showEnvVarsInLog = 0;
		};
		A2DD5F8BD2207D9A286676DC /* [CP] Embed Pods Frameworks */ = {
			isa = PBXShellScriptBuildPhase;
			buildActionMask = 2147483647;
			files = (
			);
			inputPaths = (
			);
			name = "[CP] Embed Pods Frameworks";
			outputPaths = (
			);
			runOnlyForDeploymentPostprocessing = 0;
			shellPath = /bin/sh;
			shellScript = "\"${SRCROOT}/Pods/Target Support Files/Pods-Atallah/Pods-Atallah-frameworks.sh\"\n";
			showEnvVarsInLog = 0;
		};
		E58E427606F99326C5B8E7F4 /* [CP] Check Pods Manifest.lock */ = {
			isa = PBXShellScriptBuildPhase;
			buildActionMask = 2147483647;
			files = (
			);
			inputPaths = (
			);
			name = "[CP] Check Pods Manifest.lock";
			outputPaths = (
			);
			runOnlyForDeploymentPostprocessing = 0;
			shellPath = /bin/sh;
			shellScript = "diff \"${PODS_ROOT}/../Podfile.lock\" \"${PODS_ROOT}/Manifest.lock\" > /dev/null\nif [ $? != 0 ] ; then\n    # print error to STDERR\n    echo \"error: The sandbox is not in sync with the Podfile.lock. Run 'pod install' or update your CocoaPods installation.\" >&2\n    exit 1\nfi\n";
			showEnvVarsInLog = 0;
		};
		FA7C909E1DFC9A160046F836 /* ShellScript */ = {
			isa = PBXShellScriptBuildPhase;
			buildActionMask = 2147483647;
			files = (
			);
			inputPaths = (
			);
			outputPaths = (
			);
			runOnlyForDeploymentPostprocessing = 0;
			shellPath = /bin/sh;
			shellScript = "./Fabric.framework/run d4ee5c2181bbf7844dc810d486ad2c0e6d8e6b7c 4bfd5ded65a0e426c88034f97ad6bcaa92cb7c570643219949d91b93a7afba33";
		};
		FEB1F672AD0301D056C853AC /* [CP] Copy Pods Resources */ = {
			isa = PBXShellScriptBuildPhase;
			buildActionMask = 2147483647;
			files = (
			);
			inputPaths = (
			);
			name = "[CP] Copy Pods Resources";
			outputPaths = (
			);
			runOnlyForDeploymentPostprocessing = 0;
			shellPath = /bin/sh;
			shellScript = "\"${SRCROOT}/Pods/Target Support Files/Pods-OneSignalNotificationServiceExtension/Pods-OneSignalNotificationServiceExtension-resources.sh\"\n";
			showEnvVarsInLog = 0;
		};
/* End PBXShellScriptBuildPhase section */

/* Begin PBXSourcesBuildPhase section */
		35F649431EC74DF200E7712E /* Sources */ = {
			isa = PBXSourcesBuildPhase;
			buildActionMask = 2147483647;
			files = (
				35F6494B1EC74DF200E7712E /* NotificationService.m in Sources */,
			);
			runOnlyForDeploymentPostprocessing = 0;
		};
		FA7C90181DFC7E4C0046F836 /* Sources */ = {
			isa = PBXSourcesBuildPhase;
			buildActionMask = 2147483647;
			files = (
				FA7C90851DFC86030046F836 /* AttalahMaronite.xcdatamodeld in Sources */,
				FA7C90861DFC86030046F836 /* Member+CoreDataProperties.m in Sources */,
				FA24C1BD1E092F8E005923C3 /* NotificationDetailsViewController.m in Sources */,
				FA7C90891DFC86030046F836 /* RegistrationInfo.m in Sources */,
				FA7C90901DFC86030046F836 /* AtallahNavigationController.m in Sources */,
				FA24C1BA1E092569005923C3 /* NotificationDateViewController.m in Sources */,
				FA7C90951DFC86030046F836 /* MemberViewController.m in Sources */,
				FA7C90801DFC86030046F836 /* AppDelegate.m in Sources */,
				FA7C90971DFC86030046F836 /* TypesTableViewCell.m in Sources */,
				FA7C90961DFC86030046F836 /* RegistrationViewController.m in Sources */,
				FA7C90821DFC86030046F836 /* Atallah.xcdatamodeld in Sources */,
				FA0E161F1E05E1DE00D18035 /* NotificationInfo+CoreDataProperties.m in Sources */,
				FA0E161E1E05E1DE00D18035 /* NotificationInfo+CoreDataClass.m in Sources */,
				FA7C90911DFC86030046F836 /* ContactUsViewController.m in Sources */,
				FA7C90881DFC86030046F836 /* RegistrationInfo+CoreDataProperties.m in Sources */,
				FA7C90981DFC86030046F836 /* TypesViewController.m in Sources */,
				FA7C908F1DFC86030046F836 /* AboutUsViewController.m in Sources */,
				FA7C908C1DFC86030046F836 /* main.m in Sources */,
				FA7C90941DFC86030046F836 /* MemberTableViewCell.m in Sources */,
				FA7C90921DFC86030046F836 /* DetailsViewController.m in Sources */,
				FA7C90871DFC86030046F836 /* Member.m in Sources */,
				FA7C90931DFC86030046F836 /* MainViewController.m in Sources */,
				FA7C908D1DFC86030046F836 /* UICKeyChainStore.m in Sources */,
			);
			runOnlyForDeploymentPostprocessing = 0;
		};
/* End PBXSourcesBuildPhase section */

/* Begin PBXTargetDependency section */
		35F6494E1EC74DF200E7712E /* PBXTargetDependency */ = {
			isa = PBXTargetDependency;
			target = 35F649461EC74DF200E7712E /* OneSignalNotificationServiceExtension */;
			targetProxy = 35F6494D1EC74DF200E7712E /* PBXContainerItemProxy */;
		};
/* End PBXTargetDependency section */

/* Begin PBXVariantGroup section */
		FA7C90401DFC86030046F836 /* LaunchScreen.storyboard */ = {
			isa = PBXVariantGroup;
			children = (
				FA7C90411DFC86030046F836 /* Base */,
			);
			name = LaunchScreen.storyboard;
			sourceTree = "<group>";
		};
		FA7C90421DFC86030046F836 /* Main.storyboard */ = {
			isa = PBXVariantGroup;
			children = (
				FA7C90431DFC86030046F836 /* Base */,
			);
			name = Main.storyboard;
			sourceTree = "<group>";
		};
/* End PBXVariantGroup section */

/* Begin XCBuildConfiguration section */
		35F649501EC74DF200E7712E /* Debug */ = {
			isa = XCBuildConfiguration;
			baseConfigurationReference = 6561AF1AD72A3E39540D2C74 /* Pods-OneSignalNotificationServiceExtension.debug.xcconfig */;
			buildSettings = {
				CLANG_WARN_SUSPICIOUS_MOVE = YES;
				CODE_SIGN_IDENTITY = "iPhone Distribution: Hanady Daccache (5WR24GX8GQ)";
				"CODE_SIGN_IDENTITY[sdk=iphoneos*]" = "iPhone Developer";
				DEVELOPMENT_TEAM = 5WR24GX8GQ;
				INFOPLIST_FILE = OneSignalNotificationServiceExtension/Info.plist;
				IPHONEOS_DEPLOYMENT_TARGET = 10.2;
				LD_RUNPATH_SEARCH_PATHS = "$(inherited) @executable_path/Frameworks @executable_path/../../Frameworks";
				PRODUCT_BUNDLE_IDENTIFIER = com.Atallah.Maronite.OneSignalNotificationServiceExtension;
				PRODUCT_NAME = "$(TARGET_NAME)";
				SKIP_INSTALL = YES;
			};
			name = Debug;
		};
		35F649511EC74DF200E7712E /* Release */ = {
			isa = XCBuildConfiguration;
			baseConfigurationReference = 05CD65AA2ED0B4D0AFBF5903 /* Pods-OneSignalNotificationServiceExtension.release.xcconfig */;
			buildSettings = {
				CLANG_WARN_SUSPICIOUS_MOVE = YES;
				CODE_SIGN_IDENTITY = "iPhone Distribution: Hanady Daccache (5WR24GX8GQ)";
				"CODE_SIGN_IDENTITY[sdk=iphoneos*]" = "iPhone Developer";
				DEVELOPMENT_TEAM = 5WR24GX8GQ;
				INFOPLIST_FILE = OneSignalNotificationServiceExtension/Info.plist;
				IPHONEOS_DEPLOYMENT_TARGET = 10.2;
				LD_RUNPATH_SEARCH_PATHS = "$(inherited) @executable_path/Frameworks @executable_path/../../Frameworks";
				PRODUCT_BUNDLE_IDENTIFIER = com.Atallah.Maronite.OneSignalNotificationServiceExtension;
				PRODUCT_NAME = "$(TARGET_NAME)";
				SKIP_INSTALL = YES;
			};
			name = Release;
		};
		FA7C90341DFC7E4C0046F836 /* Debug */ = {
			isa = XCBuildConfiguration;
			buildSettings = {
				ALWAYS_SEARCH_USER_PATHS = NO;
				CLANG_ANALYZER_NONNULL = YES;
				CLANG_CXX_LANGUAGE_STANDARD = "gnu++0x";
				CLANG_CXX_LIBRARY = "libc++";
				CLANG_ENABLE_MODULES = YES;
				CLANG_ENABLE_OBJC_ARC = YES;
				CLANG_WARN_BOOL_CONVERSION = YES;
				CLANG_WARN_CONSTANT_CONVERSION = YES;
				CLANG_WARN_DIRECT_OBJC_ISA_USAGE = YES_ERROR;
				CLANG_WARN_DOCUMENTATION_COMMENTS = YES;
				CLANG_WARN_EMPTY_BODY = YES;
				CLANG_WARN_ENUM_CONVERSION = YES;
				CLANG_WARN_INFINITE_RECURSION = YES;
				CLANG_WARN_INT_CONVERSION = YES;
				CLANG_WARN_OBJC_ROOT_CLASS = YES_ERROR;
				CLANG_WARN_SUSPICIOUS_MOVES = YES;
				CLANG_WARN_UNREACHABLE_CODE = YES;
				CLANG_WARN__DUPLICATE_METHOD_MATCH = YES;
				"CODE_SIGN_IDENTITY[sdk=iphoneos*]" = "iPhone Developer";
				COPY_PHASE_STRIP = NO;
				DEBUG_INFORMATION_FORMAT = dwarf;
				ENABLE_STRICT_OBJC_MSGSEND = YES;
				ENABLE_TESTABILITY = YES;
				GCC_C_LANGUAGE_STANDARD = gnu99;
				GCC_DYNAMIC_NO_PIC = NO;
				GCC_NO_COMMON_BLOCKS = YES;
				GCC_OPTIMIZATION_LEVEL = 0;
				GCC_PREPROCESSOR_DEFINITIONS = (
					"DEBUG=1",
					"$(inherited)",
				);
				GCC_WARN_64_TO_32_BIT_CONVERSION = YES;
				GCC_WARN_ABOUT_RETURN_TYPE = YES_ERROR;
				GCC_WARN_UNDECLARED_SELECTOR = YES;
				GCC_WARN_UNINITIALIZED_AUTOS = YES_AGGRESSIVE;
				GCC_WARN_UNUSED_FUNCTION = YES;
				GCC_WARN_UNUSED_VARIABLE = YES;
				IPHONEOS_DEPLOYMENT_TARGET = 10.0;
				MTL_ENABLE_DEBUG_INFO = YES;
				ONLY_ACTIVE_ARCH = YES;
				SDKROOT = iphoneos;
			};
			name = Debug;
		};
		FA7C90351DFC7E4C0046F836 /* Release */ = {
			isa = XCBuildConfiguration;
			buildSettings = {
				ALWAYS_SEARCH_USER_PATHS = NO;
				CLANG_ANALYZER_NONNULL = YES;
				CLANG_CXX_LANGUAGE_STANDARD = "gnu++0x";
				CLANG_CXX_LIBRARY = "libc++";
				CLANG_ENABLE_MODULES = YES;
				CLANG_ENABLE_OBJC_ARC = YES;
				CLANG_WARN_BOOL_CONVERSION = YES;
				CLANG_WARN_CONSTANT_CONVERSION = YES;
				CLANG_WARN_DIRECT_OBJC_ISA_USAGE = YES_ERROR;
				CLANG_WARN_DOCUMENTATION_COMMENTS = YES;
				CLANG_WARN_EMPTY_BODY = YES;
				CLANG_WARN_ENUM_CONVERSION = YES;
				CLANG_WARN_INFINITE_RECURSION = YES;
				CLANG_WARN_INT_CONVERSION = YES;
				CLANG_WARN_OBJC_ROOT_CLASS = YES_ERROR;
				CLANG_WARN_SUSPICIOUS_MOVES = YES;
				CLANG_WARN_UNREACHABLE_CODE = YES;
				CLANG_WARN__DUPLICATE_METHOD_MATCH = YES;
				"CODE_SIGN_IDENTITY[sdk=iphoneos*]" = "iPhone Developer";
				COPY_PHASE_STRIP = NO;
				DEBUG_INFORMATION_FORMAT = "dwarf-with-dsym";
				ENABLE_NS_ASSERTIONS = NO;
				ENABLE_STRICT_OBJC_MSGSEND = YES;
				GCC_C_LANGUAGE_STANDARD = gnu99;
				GCC_NO_COMMON_BLOCKS = YES;
				GCC_WARN_64_TO_32_BIT_CONVERSION = YES;
				GCC_WARN_ABOUT_RETURN_TYPE = YES_ERROR;
				GCC_WARN_UNDECLARED_SELECTOR = YES;
				GCC_WARN_UNINITIALIZED_AUTOS = YES_AGGRESSIVE;
				GCC_WARN_UNUSED_FUNCTION = YES;
				GCC_WARN_UNUSED_VARIABLE = YES;
				IPHONEOS_DEPLOYMENT_TARGET = 10.0;
				MTL_ENABLE_DEBUG_INFO = NO;
				SDKROOT = iphoneos;
				VALIDATE_PRODUCT = YES;
			};
			name = Release;
		};
		FA7C90371DFC7E4C0046F836 /* Debug */ = {
			isa = XCBuildConfiguration;
			baseConfigurationReference = 27DD315A87950EC8F9BBF693 /* Pods-Atallah.debug.xcconfig */;
			buildSettings = {
				ASSETCATALOG_COMPILER_APPICON_NAME = AppIcon;
				CODE_SIGN_ENTITLEMENTS = Atallah/Atallah.entitlements;
				CODE_SIGN_IDENTITY = "iPhone Distribution: Hanady Daccache (5WR24GX8GQ)";
				"CODE_SIGN_IDENTITY[sdk=iphoneos*]" = "iPhone Developer";
				DEVELOPMENT_TEAM = "";
				FRAMEWORK_SEARCH_PATHS = (
					"$(inherited)",
					"$(PROJECT_DIR)",
				);
				INFOPLIST_FILE = Atallah/Info.plist;
				IPHONEOS_DEPLOYMENT_TARGET = 9.0;
				LD_RUNPATH_SEARCH_PATHS = "$(inherited) @executable_path/Frameworks";
				PRODUCT_BUNDLE_IDENTIFIER = com.Atallah.Maronite;
				PRODUCT_NAME = "$(TARGET_NAME)";
				PROVISIONING_PROFILE = "";
				PROVISIONING_PROFILE_SPECIFIER = "";
			};
			name = Debug;
		};
		FA7C90381DFC7E4C0046F836 /* Release */ = {
			isa = XCBuildConfiguration;
			baseConfigurationReference = ED15C6F9923AD8FC96B6BEB2 /* Pods-Atallah.release.xcconfig */;
			buildSettings = {
				ASSETCATALOG_COMPILER_APPICON_NAME = AppIcon;
				CODE_SIGN_ENTITLEMENTS = Atallah/Atallah.entitlements;
				CODE_SIGN_IDENTITY = "iPhone Distribution: Hanady Daccache (5WR24GX8GQ)";
				"CODE_SIGN_IDENTITY[sdk=iphoneos*]" = "iPhone Developer";
				DEVELOPMENT_TEAM = "";
				FRAMEWORK_SEARCH_PATHS = (
					"$(inherited)",
					"$(PROJECT_DIR)",
				);
				INFOPLIST_FILE = Atallah/Info.plist;
				IPHONEOS_DEPLOYMENT_TARGET = 9.0;
				LD_RUNPATH_SEARCH_PATHS = "$(inherited) @executable_path/Frameworks";
				PRODUCT_BUNDLE_IDENTIFIER = com.Atallah.Maronite;
				PRODUCT_NAME = "$(TARGET_NAME)";
				PROVISIONING_PROFILE = "";
				PROVISIONING_PROFILE_SPECIFIER = "";
			};
			name = Release;
		};
/* End XCBuildConfiguration section */

/* Begin XCConfigurationList section */
		35F649521EC74DF200E7712E /* Build configuration list for PBXNativeTarget "OneSignalNotificationServiceExtension" */ = {
			isa = XCConfigurationList;
			buildConfigurations = (
				35F649501EC74DF200E7712E /* Debug */,
				35F649511EC74DF200E7712E /* Release */,
			);
			defaultConfigurationIsVisible = 0;
			defaultConfigurationName = Release;
		};
		FA7C90171DFC7E4C0046F836 /* Build configuration list for PBXProject "Atallah" */ = {
			isa = XCConfigurationList;
			buildConfigurations = (
				FA7C90341DFC7E4C0046F836 /* Debug */,
				FA7C90351DFC7E4C0046F836 /* Release */,
			);
			defaultConfigurationIsVisible = 0;
			defaultConfigurationName = Release;
		};
		FA7C90361DFC7E4C0046F836 /* Build configuration list for PBXNativeTarget "Atallah" */ = {
			isa = XCConfigurationList;
			buildConfigurations = (
				FA7C90371DFC7E4C0046F836 /* Debug */,
				FA7C90381DFC7E4C0046F836 /* Release */,
			);
			defaultConfigurationIsVisible = 0;
			defaultConfigurationName = Release;
		};
/* End XCConfigurationList section */

/* Begin XCVersionGroup section */
		FA7C903D1DFC86030046F836 /* Atallah.xcdatamodeld */ = {
			isa = XCVersionGroup;
			children = (
				FA7C903E1DFC86030046F836 /* Atallah.xcdatamodel */,
			);
			currentVersion = FA7C903E1DFC86030046F836 /* Atallah.xcdatamodel */;
			path = Atallah.xcdatamodeld;
			sourceTree = "<group>";
			versionGroupType = wrapper.xcdatamodel;
		};
		FA7C90461DFC86030046F836 /* AttalahMaronite.xcdatamodeld */ = {
			isa = XCVersionGroup;
			children = (
				FA0E16191E05E0DA00D18035 /* AttalahMaronite_1.8.xcdatamodel */,
				FA7C90471DFC86030046F836 /* AttalahMaronite.xcdatamodel */,
			);
			currentVersion = FA0E16191E05E0DA00D18035 /* AttalahMaronite_1.8.xcdatamodel */;
			path = AttalahMaronite.xcdatamodeld;
			sourceTree = "<group>";
			versionGroupType = wrapper.xcdatamodel;
		};
/* End XCVersionGroup section */
	};
	rootObject = FA7C90141DFC7E4C0046F836 /* Project object */;
}
